{
  "name": "typescript",
  "version": "1.0.0",
  "lockfileVersion": 2,
  "requires": true,
  "packages": {
    "": {
      "name": "typescript",
      "version": "1.0.0",
      "license": "ISC",
      "dependencies": {
        "linqts": "^1.14.4",
        "typescript": "^4.5.4"
      }
    },
    "node_modules/linqts": {
      "version": "1.14.4",
      "resolved": "https://registry.npmjs.org/linqts/-/linqts-1.14.4.tgz",
      "integrity": "sha512-b5sJjG1ZQ8iLSTJV19jWgMLoQicrQVVRkkQN7B/aboU+cf30lgnhIoGM8vEjqPxZFpryDU78PFpuTnfYNIHMeg=="
    },
    "node_modules/typescript": {
      "version": "4.5.4",
      "resolved": "https://registry.npmjs.org/typescript/-/typescript-4.5.4.tgz",
      "integrity": "sha512-VgYs2A2QIRuGphtzFV7aQJduJ2gyfTljngLzjpfW9FoYZF6xuw1W0vW9ghCKLfcWrCFxK81CSGRAvS1pn4fIUg==",
      "bin": {
        "tsc": "bin/tsc",
        "tsserver": "bin/tsserver"
      },
      "engines": {
        "node": ">=4.2.0"
      }
    }
  },
  "dependencies": {
    "linqts": {
      "version": "1.14.4",
      "resolved": "https://registry.npmjs.org/linqts/-/linqts-1.14.4.tgz",
      "integrity": "sha512-b5sJjG1ZQ8iLSTJV19jWgMLoQicrQVVRkkQN7B/aboU+cf30lgnhIoGM8vEjqPxZFpryDU78PFpuTnfYNIHMeg=="
    },
    "typescript": {
      "version": "4.5.4",
      "resolved": "https://registry.npmjs.org/typescript/-/typescript-4.5.4.tgz",
      "integrity": "sha512-VgYs2A2QIRuGphtzFV7aQJduJ2gyfTljngLzjpfW9FoYZF6xuw1W0vW9ghCKLfcWrCFxK81CSGRAvS1pn4fIUg=="
    }
  }
}
